
Microsoft Visual Studio Solution File, Format Version 12.00
# Visual Studio 15
VisualStudioVersion = 15.0.27703.2026
MinimumVisualStudioVersion = 10.0.40219.1
Project("{FAE04EC0-301F-11D3-BF4B-00C04F79EFBC}") = "ForJenkinsIntegrate", "ForJenkinsIntegrate.csproj", "{F9C4C51A-413F-425C-9A6E-04DA4DF5F548}"
EndProject
Project("{FAE04EC0-301F-11D3-BF4B-00C04F79EFBC}") = "NUnitTestProject", "NUnitTestProject\NUnitTestProject.csproj", "{02E84513-757E-45AB-9482-4843D9375F0B}"
EndProject
Global
	GlobalSection(SolutionConfigurationPlatforms) = preSolution
		Debug|Any CPU = Debug|Any CPU
		Release|Any CPU = Release|Any CPU
	EndGlobalSection
	GlobalSection(ProjectConfigurationPlatforms) = postSolution
		{F9C4C51A-413F-425C-9A6E-04DA4DF5F548}.Debug|Any CPU.ActiveCfg = Debug|Any CPU
		{F9C4C51A-413F-425C-9A6E-04DA4DF5F548}.Debug|Any CPU.Build.0 = Debug|Any CPU
		{F9C4C51A-413F-425C-9A6E-04DA4DF5F548}.Release|Any CPU.ActiveCfg = Release|Any CPU
		{F9C4C51A-413F-425C-9A6E-04DA4DF5F548}.Release|Any CPU.Build.0 = Release|Any CPU
		{02E84513-757E-45AB-9482-4843D9375F0B}.Debug|Any CPU.ActiveCfg = Debug|Any CPU
		{02E84513-757E-45AB-9482-4843D9375F0B}.Debug|Any CPU.Build.0 = Debug|Any CPU
		{02E84513-757E-45AB-9482-4843D9375F0B}.Release|Any CPU.ActiveCfg = Release|Any CPU
		{02E84513-757E-45AB-9482-4843D9375F0B}.Release|Any CPU.Build.0 = Release|Any CPU
	EndGlobalSection
	GlobalSection(SolutionProperties) = preSolution
		HideSolutionNode = FALSE
	EndGlobalSection
	GlobalSection(ExtensibilityGlobals) = postSolution
		SolutionGuid = {C9A59C70-12B8-4EB2-9947-7083B52CE204}
	EndGlobalSection
EndGlobal
